
Microsoft Visual Studio Solution File, Format Version 12.00
# Visual Studio Version 16
VisualStudioVersion = 16.0.29306.81
MinimumVisualStudioVersion = 10.0.40219.1
Project("{FAE04EC0-301F-11D3-BF4B-00C04F79EFBC}") = "ConsoleApp1", "ConsoleApp1\ConsoleApp1.csproj", "{E760A7C4-30DE-4F5C-8EB4-BBDC43461AF9}"
EndProject
Project("{FAE04EC0-301F-11D3-BF4B-00C04F79EFBC}") = "ConsoleApp2", "ConsoleApp3\ConsoleApp2.csproj", "{DA5D76A1-506E-4A6D-A335-10B858870D54}"
EndProject
Project("{FAE04EC0-301F-11D3-BF4B-00C04F79EFBC}") = "ConsoleApp3", "ConsoleApp4\ConsoleApp3.csproj", "{191A3738-3E86-4267-9FCB-00BF9B5F6C0E}"
EndProject
Project("{FAE04EC0-301F-11D3-BF4B-00C04F79EFBC}") = "ConsoleApp6", "ConsoleApp5\ConsoleApp6.csproj", "{112D24EA-DFF4-4FC9-B067-CA015090F592}"
EndProject
Project("{FAE04EC0-301F-11D3-BF4B-00C04F79EFBC}") = "ConsoleApp7", "ConsoleApp7\ConsoleApp7.csproj", "{CB79954F-5C9A-44D8-A777-7F926265EE9D}"
EndProject
Project("{FAE04EC0-301F-11D3-BF4B-00C04F79EFBC}") = "ConsoleApp8", "ConsoleApp8\ConsoleApp8.csproj", "{9F0BF5A5-96E5-481C-A5EB-9367AE698AD9}"
EndProject
Project("{FAE04EC0-301F-11D3-BF4B-00C04F79EFBC}") = "ConsoleApp4", "ConsoleApp9\ConsoleApp4.csproj", "{69455A82-D6EC-4489-8D0F-9A2DFFB1013A}"
EndProject
Project("{FAE04EC0-301F-11D3-BF4B-00C04F79EFBC}") = "ConsoleApp5", "ConsoleApp10\ConsoleApp5.csproj", "{559D8D7B-65CB-4A7D-8028-FC52458AC684}"
EndProject
Project("{FAE04EC0-301F-11D3-BF4B-00C04F79EFBC}") = "ConsoleApp9", "ConsoleApp11\ConsoleApp9.csproj", "{44467DC0-A486-4178-A662-0704F5417992}"
EndProject
Project("{FAE04EC0-301F-11D3-BF4B-00C04F79EFBC}") = "ConsoleApp10", "ConsoleApp10\ConsoleApp10.csproj", "{F5B8E19E-F51D-40C3-85A4-66C4440B6713}"
EndProject
Project("{FAE04EC0-301F-11D3-BF4B-00C04F79EFBC}") = "2.1", "2.1\2.1.csproj", "{8D987957-437B-456A-A88F-0AE0BED8C1DD}"
EndProject
Project("{FAE04EC0-301F-11D3-BF4B-00C04F79EFBC}") = "2.2", "2.2\2.2.csproj", "{9C4CDC19-16FE-43F8-8888-E5E1B6D94923}"
EndProject
Project("{FAE04EC0-301F-11D3-BF4B-00C04F79EFBC}") = "1.9", "1.9\1.9.csproj", "{A6E99162-5AB3-48ED-AB04-031FDF988828}"
EndProject
Project("{FAE04EC0-301F-11D3-BF4B-00C04F79EFBC}") = "2.3", "2.3\2.3.csproj", "{9CA29B94-DE14-4986-95F0-CB060BE33111}"
EndProject
Project("{FAE04EC0-301F-11D3-BF4B-00C04F79EFBC}") = "2.4", "2.4\2.4.csproj", "{12E600D1-67F4-49EF-879B-9B2BE16AE357}"
EndProject
Project("{FAE04EC0-301F-11D3-BF4B-00C04F79EFBC}") = "2.5", "2.5\2.5.csproj", "{303104CB-55BF-4F1B-A5FD-CC9A8DED043B}"
EndProject
Project("{FAE04EC0-301F-11D3-BF4B-00C04F79EFBC}") = "2.6", "2.6\2.6.csproj", "{07865D0E-0FD2-429C-A996-E61EB8986A2C}"
EndProject
Global
	GlobalSection(SolutionConfigurationPlatforms) = preSolution
		Debug|Any CPU = Debug|Any CPU
		Release|Any CPU = Release|Any CPU
	EndGlobalSection
	GlobalSection(ProjectConfigurationPlatforms) = postSolution
		{E760A7C4-30DE-4F5C-8EB4-BBDC43461AF9}.Debug|Any CPU.ActiveCfg = Debug|Any CPU
		{E760A7C4-30DE-4F5C-8EB4-BBDC43461AF9}.Debug|Any CPU.Build.0 = Debug|Any CPU
		{E760A7C4-30DE-4F5C-8EB4-BBDC43461AF9}.Release|Any CPU.ActiveCfg = Release|Any CPU
		{E760A7C4-30DE-4F5C-8EB4-BBDC43461AF9}.Release|Any CPU.Build.0 = Release|Any CPU
		{DA5D76A1-506E-4A6D-A335-10B858870D54}.Debug|Any CPU.ActiveCfg = Debug|Any CPU
		{DA5D76A1-506E-4A6D-A335-10B858870D54}.Debug|Any CPU.Build.0 = Debug|Any CPU
		{DA5D76A1-506E-4A6D-A335-10B858870D54}.Release|Any CPU.ActiveCfg = Release|Any CPU
		{DA5D76A1-506E-4A6D-A335-10B858870D54}.Release|Any CPU.Build.0 = Release|Any CPU
		{191A3738-3E86-4267-9FCB-00BF9B5F6C0E}.Debug|Any CPU.ActiveCfg = Debug|Any CPU
		{191A3738-3E86-4267-9FCB-00BF9B5F6C0E}.Debug|Any CPU.Build.0 = Debug|Any CPU
		{191A3738-3E86-4267-9FCB-00BF9B5F6C0E}.Release|Any CPU.ActiveCfg = Release|Any CPU
		{191A3738-3E86-4267-9FCB-00BF9B5F6C0E}.Release|Any CPU.Build.0 = Release|Any CPU
		{112D24EA-DFF4-4FC9-B067-CA015090F592}.Debug|Any CPU.ActiveCfg = Debug|Any CPU
		{112D24EA-DFF4-4FC9-B067-CA015090F592}.Debug|Any CPU.Build.0 = Debug|Any CPU
		{112D24EA-DFF4-4FC9-B067-CA015090F592}.Release|Any CPU.ActiveCfg = Release|Any CPU
		{112D24EA-DFF4-4FC9-B067-CA015090F592}.Release|Any CPU.Build.0 = Release|Any CPU
		{CB79954F-5C9A-44D8-A777-7F926265EE9D}.Debug|Any CPU.ActiveCfg = Debug|Any CPU
		{CB79954F-5C9A-44D8-A777-7F926265EE9D}.Debug|Any CPU.Build.0 = Debug|Any CPU
		{CB79954F-5C9A-44D8-A777-7F926265EE9D}.Release|Any CPU.ActiveCfg = Release|Any CPU
		{CB79954F-5C9A-44D8-A777-7F926265EE9D}.Release|Any CPU.Build.0 = Release|Any CPU
		{9F0BF5A5-96E5-481C-A5EB-9367AE698AD9}.Debug|Any CPU.ActiveCfg = Debug|Any CPU
		{9F0BF5A5-96E5-481C-A5EB-9367AE698AD9}.Debug|Any CPU.Build.0 = Debug|Any CPU
		{9F0BF5A5-96E5-481C-A5EB-9367AE698AD9}.Release|Any CPU.ActiveCfg = Release|Any CPU
		{9F0BF5A5-96E5-481C-A5EB-9367AE698AD9}.Release|Any CPU.Build.0 = Release|Any CPU
		{69455A82-D6EC-4489-8D0F-9A2DFFB1013A}.Debug|Any CPU.ActiveCfg = Debug|Any CPU
		{69455A82-D6EC-4489-8D0F-9A2DFFB1013A}.Debug|Any CPU.Build.0 = Debug|Any CPU
		{69455A82-D6EC-4489-8D0F-9A2DFFB1013A}.Release|Any CPU.ActiveCfg = Release|Any CPU
		{69455A82-D6EC-4489-8D0F-9A2DFFB1013A}.Release|Any CPU.Build.0 = Release|Any CPU
		{559D8D7B-65CB-4A7D-8028-FC52458AC684}.Debug|Any CPU.ActiveCfg = Debug|Any CPU
		{559D8D7B-65CB-4A7D-8028-FC52458AC684}.Debug|Any CPU.Build.0 = Debug|Any CPU
		{559D8D7B-65CB-4A7D-8028-FC52458AC684}.Release|Any CPU.ActiveCfg = Release|Any CPU
		{559D8D7B-65CB-4A7D-8028-FC52458AC684}.Release|Any CPU.Build.0 = Release|Any CPU
		{44467DC0-A486-4178-A662-0704F5417992}.Debug|Any CPU.ActiveCfg = Debug|Any CPU
		{44467DC0-A486-4178-A662-0704F5417992}.Debug|Any CPU.Build.0 = Debug|Any CPU
		{44467DC0-A486-4178-A662-0704F5417992}.Release|Any CPU.ActiveCfg = Release|Any CPU
		{44467DC0-A486-4178-A662-0704F5417992}.Release|Any CPU.Build.0 = Release|Any CPU
		{F5B8E19E-F51D-40C3-85A4-66C4440B6713}.Debug|Any CPU.ActiveCfg = Debug|Any CPU
		{F5B8E19E-F51D-40C3-85A4-66C4440B6713}.Debug|Any CPU.Build.0 = Debug|Any CPU
		{F5B8E19E-F51D-40C3-85A4-66C4440B6713}.Release|Any CPU.ActiveCfg = Release|Any CPU
		{F5B8E19E-F51D-40C3-85A4-66C4440B6713}.Release|Any CPU.Build.0 = Release|Any CPU
		{8D987957-437B-456A-A88F-0AE0BED8C1DD}.Debug|Any CPU.ActiveCfg = Debug|Any CPU
		{8D987957-437B-456A-A88F-0AE0BED8C1DD}.Debug|Any CPU.Build.0 = Debug|Any CPU
		{8D987957-437B-456A-A88F-0AE0BED8C1DD}.Release|Any CPU.ActiveCfg = Release|Any CPU
		{8D987957-437B-456A-A88F-0AE0BED8C1DD}.Release|Any CPU.Build.0 = Release|Any CPU
		{9C4CDC19-16FE-43F8-8888-E5E1B6D94923}.Debug|Any CPU.ActiveCfg = Debug|Any CPU
		{9C4CDC19-16FE-43F8-8888-E5E1B6D94923}.Debug|Any CPU.Build.0 = Debug|Any CPU
		{9C4CDC19-16FE-43F8-8888-E5E1B6D94923}.Release|Any CPU.ActiveCfg = Release|Any CPU
		{9C4CDC19-16FE-43F8-8888-E5E1B6D94923}.Release|Any CPU.Build.0 = Release|Any CPU
		{A6E99162-5AB3-48ED-AB04-031FDF988828}.Debug|Any CPU.ActiveCfg = Debug|Any CPU
		{A6E99162-5AB3-48ED-AB04-031FDF988828}.Debug|Any CPU.Build.0 = Debug|Any CPU
		{A6E99162-5AB3-48ED-AB04-031FDF988828}.Release|Any CPU.ActiveCfg = Release|Any CPU
		{A6E99162-5AB3-48ED-AB04-031FDF988828}.Release|Any CPU.Build.0 = Release|Any CPU
		{9CA29B94-DE14-4986-95F0-CB060BE33111}.Debug|Any CPU.ActiveCfg = Debug|Any CPU
		{9CA29B94-DE14-4986-95F0-CB060BE33111}.Debug|Any CPU.Build.0 = Debug|Any CPU
		{9CA29B94-DE14-4986-95F0-CB060BE33111}.Release|Any CPU.ActiveCfg = Release|Any CPU
		{9CA29B94-DE14-4986-95F0-CB060BE33111}.Release|Any CPU.Build.0 = Release|Any CPU
		{12E600D1-67F4-49EF-879B-9B2BE16AE357}.Debug|Any CPU.ActiveCfg = Debug|Any CPU
		{12E600D1-67F4-49EF-879B-9B2BE16AE357}.Debug|Any CPU.Build.0 = Debug|Any CPU
		{12E600D1-67F4-49EF-879B-9B2BE16AE357}.Release|Any CPU.ActiveCfg = Release|Any CPU
		{12E600D1-67F4-49EF-879B-9B2BE16AE357}.Release|Any CPU.Build.0 = Release|Any CPU
		{303104CB-55BF-4F1B-A5FD-CC9A8DED043B}.Debug|Any CPU.ActiveCfg = Debug|Any CPU
		{303104CB-55BF-4F1B-A5FD-CC9A8DED043B}.Debug|Any CPU.Build.0 = Debug|Any CPU
		{303104CB-55BF-4F1B-A5FD-CC9A8DED043B}.Release|Any CPU.ActiveCfg = Release|Any CPU
		{303104CB-55BF-4F1B-A5FD-CC9A8DED043B}.Release|Any CPU.Build.0 = Release|Any CPU
		{07865D0E-0FD2-429C-A996-E61EB8986A2C}.Debug|Any CPU.ActiveCfg = Debug|Any CPU
		{07865D0E-0FD2-429C-A996-E61EB8986A2C}.Debug|Any CPU.Build.0 = Debug|Any CPU
		{07865D0E-0FD2-429C-A996-E61EB8986A2C}.Release|Any CPU.ActiveCfg = Release|Any CPU
		{07865D0E-0FD2-429C-A996-E61EB8986A2C}.Release|Any CPU.Build.0 = Release|Any CPU
	EndGlobalSection
	GlobalSection(SolutionProperties) = preSolution
		HideSolutionNode = FALSE
	EndGlobalSection
	GlobalSection(ExtensibilityGlobals) = postSolution
		SolutionGuid = {90FE7E44-6A75-4282-8B7F-F54BC3C89A62}
	EndGlobalSection
EndGlobal
